
Microsoft Visual Studio Solution File, Format Version 12.00
# Visual Studio 15
VisualStudioVersion = 15.0.26730.12
MinimumVisualStudioVersion = 10.0.40219.1
Project("{FAE04EC0-301F-11D3-BF4B-00C04F79EFBC}") = "Loop Voorbeeldjes", "Loop Voorbeeldjes\Loop Voorbeeldjes.csproj", "{6E03023C-2E12-4F78-AF3F-CCDEDAF1CADE}"
EndProject
Global
	GlobalSection(SolutionConfigurationPlatforms) = preSolution
		Debug|Any CPU = Debug|Any CPU
		Release|Any CPU = Release|Any CPU
	EndGlobalSection
	GlobalSection(ProjectConfigurationPlatforms) = postSolution
		{6E03023C-2E12-4F78-AF3F-CCDEDAF1CADE}.Debug|Any CPU.ActiveCfg = Debug|Any CPU
		{6E03023C-2E12-4F78-AF3F-CCDEDAF1CADE}.Debug|Any CPU.Build.0 = Debug|Any CPU
		{6E03023C-2E12-4F78-AF3F-CCDEDAF1CADE}.Release|Any CPU.ActiveCfg = Release|Any CPU
		{6E03023C-2E12-4F78-AF3F-CCDEDAF1CADE}.Release|Any CPU.Build.0 = Release|Any CPU
	EndGlobalSection
	GlobalSection(SolutionProperties) = preSolution
		HideSolutionNode = FALSE
	EndGlobalSection
	GlobalSection(ExtensibilityGlobals) = postSolution
		SolutionGuid = {4C30C3BA-7E4B-45F4-A662-2C48DCE3549D}
	EndGlobalSection
EndGlobal
